// !$*UTF8*$!
{
	archiveVersion = 1;
	classes = {
	};
	objectVersion = 55;
	objects = {

/* Begin PBXBuildFile section */
		A7DFBA5927D0A78800C0A8CE /* DemoServiceProtocol.swift in Sources */ = {isa = PBXBuildFile; fileRef = A7FE153127D0A65C00DF3D6F /* DemoServiceProtocol.swift */; };
		A7DFBA5A27D0A78B00C0A8CE /* DemoServiceDelegate.swift in Sources */ = {isa = PBXBuildFile; fileRef = A7FE153227D0A65C00DF3D6F /* DemoServiceDelegate.swift */; };
		A7E2E25C27D0AEDF00642A77 /* PeripheralController.swift in Sources */ = {isa = PBXBuildFile; fileRef = A7FE152527D0A13D00DF3D6F /* PeripheralController.swift */; };
		A7E2E25D27D0AEDF00642A77 /* BluetoothManager.swift in Sources */ = {isa = PBXBuildFile; fileRef = A7FE152427D0A13D00DF3D6F /* BluetoothManager.swift */; };
		A7FE151627D0A12B00DF3D6F /* DemoApp.swift in Sources */ = {isa = PBXBuildFile; fileRef = A7FE151527D0A12B00DF3D6F /* DemoApp.swift */; };
		A7FE151827D0A12B00DF3D6F /* ContentView.swift in Sources */ = {isa = PBXBuildFile; fileRef = A7FE151727D0A12B00DF3D6F /* ContentView.swift */; };
		A7FE151A27D0A12B00DF3D6F /* Assets.xcassets in Resources */ = {isa = PBXBuildFile; fileRef = A7FE151927D0A12B00DF3D6F /* Assets.xcassets */; };
		A7FE151D27D0A12B00DF3D6F /* Preview Assets.xcassets in Resources */ = {isa = PBXBuildFile; fileRef = A7FE151C27D0A12B00DF3D6F /* Preview Assets.xcassets */; };
		A7FE152627D0A13D00DF3D6F /* BluetoothManager.swift in Sources */ = {isa = PBXBuildFile; fileRef = A7FE152427D0A13D00DF3D6F /* BluetoothManager.swift */; };
		A7FE152727D0A13D00DF3D6F /* PeripheralController.swift in Sources */ = {isa = PBXBuildFile; fileRef = A7FE152527D0A13D00DF3D6F /* PeripheralController.swift */; };
		A7FE152927D0A2A800DF3D6F /* AppDelegate.swift in Sources */ = {isa = PBXBuildFile; fileRef = A7FE152827D0A2A800DF3D6F /* AppDelegate.swift */; };
		A7FE153427D0A65C00DF3D6F /* DemoService.swift in Sources */ = {isa = PBXBuildFile; fileRef = A7FE153327D0A65C00DF3D6F /* DemoService.swift */; };
		A7FE153627D0A65C00DF3D6F /* main.swift in Sources */ = {isa = PBXBuildFile; fileRef = A7FE153527D0A65C00DF3D6F /* main.swift */; };
		A7FE153A27D0A65C00DF3D6F /* DemoService.xpc in Embed XPC Services */ = {isa = PBXBuildFile; fileRef = A7FE152F27D0A65C00DF3D6F /* DemoService.xpc */; settings = {ATTRIBUTES = (RemoveHeadersOnCopy, ); }; };
/* End PBXBuildFile section */

/* Begin PBXContainerItemProxy section */
		A7FE153827D0A65C00DF3D6F /* PBXContainerItemProxy */ = {
			isa = PBXContainerItemProxy;
			containerPortal = A7FE150A27D0A12B00DF3D6F /* Project object */;
			proxyType = 1;
			remoteGlobalIDString = A7FE152E27D0A65C00DF3D6F;
			remoteInfo = DemoService;
		};
/* End PBXContainerItemProxy section */

/* Begin PBXCopyFilesBuildPhase section */
		A7FE153E27D0A65C00DF3D6F /* Embed XPC Services */ = {
			isa = PBXCopyFilesBuildPhase;
			buildActionMask = 2147483647;
			dstPath = "$(CONTENTS_FOLDER_PATH)/XPCServices";
			dstSubfolderSpec = 16;
			files = (
				A7FE153A27D0A65C00DF3D6F /* DemoService.xpc in Embed XPC Services */,
			);
			name = "Embed XPC Services";
			runOnlyForDeploymentPostprocessing = 0;
		};
/* End PBXCopyFilesBuildPhase section */

/* Begin PBXFileReference section */
		A7FE151227D0A12B00DF3D6F /* Demo.app */ = {isa = PBXFileReference; explicitFileType = wrapper.application; includeInIndex = 0; path = Demo.app; sourceTree = BUILT_PRODUCTS_DIR; };
		A7FE151527D0A12B00DF3D6F /* DemoApp.swift */ = {isa = PBXFileReference; lastKnownFileType = sourcecode.swift; path = DemoApp.swift; sourceTree = "<group>"; };
		A7FE151727D0A12B00DF3D6F /* ContentView.swift */ = {isa = PBXFileReference; lastKnownFileType = sourcecode.swift; path = ContentView.swift; sourceTree = "<group>"; };
		A7FE151927D0A12B00DF3D6F /* Assets.xcassets */ = {isa = PBXFileReference; lastKnownFileType = folder.assetcatalog; path = Assets.xcassets; sourceTree = "<group>"; };
		A7FE151C27D0A12B00DF3D6F /* Preview Assets.xcassets */ = {isa = PBXFileReference; lastKnownFileType = folder.assetcatalog; path = "Preview Assets.xcassets"; sourceTree = "<group>"; };
		A7FE151E27D0A12B00DF3D6F /* Demo.entitlements */ = {isa = PBXFileReference; lastKnownFileType = text.plist.entitlements; path = Demo.entitlements; sourceTree = "<group>"; };
		A7FE152427D0A13D00DF3D6F /* BluetoothManager.swift */ = {isa = PBXFileReference; fileEncoding = 4; lastKnownFileType = sourcecode.swift; path = BluetoothManager.swift; sourceTree = "<group>"; };
		A7FE152527D0A13D00DF3D6F /* PeripheralController.swift */ = {isa = PBXFileReference; fileEncoding = 4; lastKnownFileType = sourcecode.swift; path = PeripheralController.swift; sourceTree = "<group>"; };
		A7FE152827D0A2A800DF3D6F /* AppDelegate.swift */ = {isa = PBXFileReference; lastKnownFileType = sourcecode.swift; path = AppDelegate.swift; sourceTree = "<group>"; };
		A7FE152A27D0A3F300DF3D6F /* Info.plist */ = {isa = PBXFileReference; lastKnownFileType = text.plist; path = Info.plist; sourceTree = "<group>"; };
		A7FE152F27D0A65C00DF3D6F /* DemoService.xpc */ = {isa = PBXFileReference; explicitFileType = "wrapper.xpc-service"; includeInIndex = 0; path = DemoService.xpc; sourceTree = BUILT_PRODUCTS_DIR; };
		A7FE153127D0A65C00DF3D6F /* DemoServiceProtocol.swift */ = {isa = PBXFileReference; lastKnownFileType = sourcecode.swift; path = DemoServiceProtocol.swift; sourceTree = "<group>"; };
		A7FE153227D0A65C00DF3D6F /* DemoServiceDelegate.swift */ = {isa = PBXFileReference; lastKnownFileType = sourcecode.swift; path = DemoServiceDelegate.swift; sourceTree = "<group>"; };
		A7FE153327D0A65C00DF3D6F /* DemoService.swift */ = {isa = PBXFileReference; lastKnownFileType = sourcecode.swift; path = DemoService.swift; sourceTree = "<group>"; };
		A7FE153527D0A65C00DF3D6F /* main.swift */ = {isa = PBXFileReference; lastKnownFileType = sourcecode.swift; path = main.swift; sourceTree = "<group>"; };
		A7FE153727D0A65C00DF3D6F /* Info.plist */ = {isa = PBXFileReference; lastKnownFileType = text.plist.xml; path = Info.plist; sourceTree = "<group>"; };
/* End PBXFileReference section */

/* Begin PBXFrameworksBuildPhase section */
		A7FE150F27D0A12B00DF3D6F /* Frameworks */ = {
			isa = PBXFrameworksBuildPhase;
			buildActionMask = 2147483647;
			files = (
			);
			runOnlyForDeploymentPostprocessing = 0;
		};
		A7FE152C27D0A65C00DF3D6F /* Frameworks */ = {
			isa = PBXFrameworksBuildPhase;
			buildActionMask = 2147483647;
			files = (
			);
			runOnlyForDeploymentPostprocessing = 0;
		};
/* End PBXFrameworksBuildPhase section */

/* Begin PBXGroup section */
		A7E2E25B27D0AED300642A77 /* Shared */ = {
			isa = PBXGroup;
			children = (
				A7FE152427D0A13D00DF3D6F /* BluetoothManager.swift */,
				A7FE152527D0A13D00DF3D6F /* PeripheralController.swift */,
			);
			path = Shared;
			sourceTree = "<group>";
		};
		A7FE150927D0A12B00DF3D6F = {
			isa = PBXGroup;
			children = (
				A7E2E25B27D0AED300642A77 /* Shared */,
				A7FE151427D0A12B00DF3D6F /* Demo */,
				A7FE153027D0A65C00DF3D6F /* DemoService */,
				A7FE151327D0A12B00DF3D6F /* Products */,
			);
			sourceTree = "<group>";
		};
		A7FE151327D0A12B00DF3D6F /* Products */ = {
			isa = PBXGroup;
			children = (
				A7FE151227D0A12B00DF3D6F /* Demo.app */,
				A7FE152F27D0A65C00DF3D6F /* DemoService.xpc */,
			);
			name = Products;
			sourceTree = "<group>";
		};
		A7FE151427D0A12B00DF3D6F /* Demo */ = {
			isa = PBXGroup;
			children = (
				A7FE152A27D0A3F300DF3D6F /* Info.plist */,
				A7FE151527D0A12B00DF3D6F /* DemoApp.swift */,
				A7FE152827D0A2A800DF3D6F /* AppDelegate.swift */,
				A7FE151727D0A12B00DF3D6F /* ContentView.swift */,
				A7FE151927D0A12B00DF3D6F /* Assets.xcassets */,
				A7FE151E27D0A12B00DF3D6F /* Demo.entitlements */,
				A7FE151B27D0A12B00DF3D6F /* Preview Content */,
			);
			path = Demo;
			sourceTree = "<group>";
		};
		A7FE151B27D0A12B00DF3D6F /* Preview Content */ = {
			isa = PBXGroup;
			children = (
				A7FE151C27D0A12B00DF3D6F /* Preview Assets.xcassets */,
			);
			path = "Preview Content";
			sourceTree = "<group>";
		};
		A7FE153027D0A65C00DF3D6F /* DemoService */ = {
			isa = PBXGroup;
			children = (
				A7FE153127D0A65C00DF3D6F /* DemoServiceProtocol.swift */,
				A7FE153227D0A65C00DF3D6F /* DemoServiceDelegate.swift */,
				A7FE153327D0A65C00DF3D6F /* DemoService.swift */,
				A7FE153527D0A65C00DF3D6F /* main.swift */,
				A7FE153727D0A65C00DF3D6F /* Info.plist */,
			);
			path = DemoService;
			sourceTree = "<group>";
		};
/* End PBXGroup section */

/* Begin PBXNativeTarget section */
		A7FE151127D0A12B00DF3D6F /* Demo */ = {
			isa = PBXNativeTarget;
			buildConfigurationList = A7FE152127D0A12B00DF3D6F /* Build configuration list for PBXNativeTarget "Demo" */;
			buildPhases = (
				A7FE150E27D0A12B00DF3D6F /* Sources */,
				A7FE150F27D0A12B00DF3D6F /* Frameworks */,
				A7FE151027D0A12B00DF3D6F /* Resources */,
				A7FE153E27D0A65C00DF3D6F /* Embed XPC Services */,
			);
			buildRules = (
			);
			dependencies = (
				A7FE153927D0A65C00DF3D6F /* PBXTargetDependency */,
			);
			name = Demo;
			productName = Demo;
			productReference = A7FE151227D0A12B00DF3D6F /* Demo.app */;
			productType = "com.apple.product-type.application";
		};
		A7FE152E27D0A65C00DF3D6F /* DemoService */ = {
			isa = PBXNativeTarget;
			buildConfigurationList = A7FE153B27D0A65C00DF3D6F /* Build configuration list for PBXNativeTarget "DemoService" */;
			buildPhases = (
				A7FE152B27D0A65C00DF3D6F /* Sources */,
				A7FE152C27D0A65C00DF3D6F /* Frameworks */,
				A7FE152D27D0A65C00DF3D6F /* Resources */,
			);
			buildRules = (
			);
			dependencies = (
			);
			name = DemoService;
			productName = DemoService;
			productReference = A7FE152F27D0A65C00DF3D6F /* DemoService.xpc */;
			productType = "com.apple.product-type.xpc-service";
		};
/* End PBXNativeTarget section */

/* Begin PBXProject section */
		A7FE150A27D0A12B00DF3D6F /* Project object */ = {
			isa = PBXProject;
			attributes = {
				BuildIndependentTargetsInParallel = 1;
				LastSwiftUpdateCheck = 1320;
				LastUpgradeCheck = 1320;
				TargetAttributes = {
					A7FE151127D0A12B00DF3D6F = {
						CreatedOnToolsVersion = 13.2.1;
					};
					A7FE152E27D0A65C00DF3D6F = {
						CreatedOnToolsVersion = 13.2.1;
					};
				};
			};
			buildConfigurationList = A7FE150D27D0A12B00DF3D6F /* Build configuration list for PBXProject "Demo" */;
			compatibilityVersion = "Xcode 13.0";
			developmentRegion = en;
			hasScannedForEncodings = 0;
			knownRegions = (
				en,
				Base,
			);
			mainGroup = A7FE150927D0A12B00DF3D6F;
			productRefGroup = A7FE151327D0A12B00DF3D6F /* Products */;
			projectDirPath = "";
			projectRoot = "";
			targets = (
				A7FE151127D0A12B00DF3D6F /* Demo */,
				A7FE152E27D0A65C00DF3D6F /* DemoService */,
			);
		};
/* End PBXProject section */

/* Begin PBXResourcesBuildPhase section */
		A7FE151027D0A12B00DF3D6F /* Resources */ = {
			isa = PBXResourcesBuildPhase;
			buildActionMask = 2147483647;
			files = (
				A7FE151D27D0A12B00DF3D6F /* Preview Assets.xcassets in Resources */,
				A7FE151A27D0A12B00DF3D6F /* Assets.xcassets in Resources */,
			);
			runOnlyForDeploymentPostprocessing = 0;
		};
		A7FE152D27D0A65C00DF3D6F /* Resources */ = {
			isa = PBXResourcesBuildPhase;
			buildActionMask = 2147483647;
			files = (
			);
			runOnlyForDeploymentPostprocessing = 0;
		};
/* End PBXResourcesBuildPhase section */

/* Begin PBXSourcesBuildPhase section */
		A7FE150E27D0A12B00DF3D6F /* Sources */ = {
			isa = PBXSourcesBuildPhase;
			buildActionMask = 2147483647;
			files = (
				A7FE151827D0A12B00DF3D6F /* ContentView.swift in Sources */,
				A7FE152727D0A13D00DF3D6F /* PeripheralController.swift in Sources */,
				A7FE152627D0A13D00DF3D6F /* BluetoothManager.swift in Sources */,
				A7FE152927D0A2A800DF3D6F /* AppDelegate.swift in Sources */,
				A7FE151627D0A12B00DF3D6F /* DemoApp.swift in Sources */,
			);
			runOnlyForDeploymentPostprocessing = 0;
		};
		A7FE152B27D0A65C00DF3D6F /* Sources */ = {
			isa = PBXSourcesBuildPhase;
			buildActionMask = 2147483647;
			files = (
				A7FE153627D0A65C00DF3D6F /* main.swift in Sources */,
				A7DFBA5A27D0A78B00C0A8CE /* DemoServiceDelegate.swift in Sources */,
				A7FE153427D0A65C00DF3D6F /* DemoService.swift in Sources */,
				A7E2E25C27D0AEDF00642A77 /* PeripheralController.swift in Sources */,
				A7E2E25D27D0AEDF00642A77 /* BluetoothManager.swift in Sources */,
				A7DFBA5927D0A78800C0A8CE /* DemoServiceProtocol.swift in Sources */,
			);
			runOnlyForDeploymentPostprocessing = 0;
		};
/* End PBXSourcesBuildPhase section */

/* Begin PBXTargetDependency section */
		A7FE153927D0A65C00DF3D6F /* PBXTargetDependency */ = {
			isa = PBXTargetDependency;
			target = A7FE152E27D0A65C00DF3D6F /* DemoService */;
			targetProxy = A7FE153827D0A65C00DF3D6F /* PBXContainerItemProxy */;
		};
/* End PBXTargetDependency section */

/* Begin XCBuildConfiguration section */
		A7FE151F27D0A12B00DF3D6F /* Debug */ = {
			isa = XCBuildConfiguration;
			buildSettings = {
				ALWAYS_SEARCH_USER_PATHS = NO;
				CLANG_ANALYZER_NONNULL = YES;
				CLANG_ANALYZER_NUMBER_OBJECT_CONVERSION = YES_AGGRESSIVE;
				CLANG_CXX_LANGUAGE_STANDARD = "gnu++17";
				CLANG_CXX_LIBRARY = "libc++";
				CLANG_ENABLE_MODULES = YES;
				CLANG_ENABLE_OBJC_ARC = YES;
				CLANG_ENABLE_OBJC_WEAK = YES;
				CLANG_WARN_BLOCK_CAPTURE_AUTORELEASING = YES;
				CLANG_WARN_BOOL_CONVERSION = YES;
				CLANG_WARN_COMMA = YES;
				CLANG_WARN_CONSTANT_CONVERSION = YES;
				CLANG_WARN_DEPRECATED_OBJC_IMPLEMENTATIONS = YES;
				CLANG_WARN_DIRECT_OBJC_ISA_USAGE = YES_ERROR;
				CLANG_WARN_DOCUMENTATION_COMMENTS = YES;
				CLANG_WARN_EMPTY_BODY = YES;
				CLANG_WARN_ENUM_CONVERSION = YES;
				CLANG_WARN_INFINITE_RECURSION = YES;
				CLANG_WARN_INT_CONVERSION = YES;
				CLANG_WARN_NON_LITERAL_NULL_CONVERSION = YES;
				CLANG_WARN_OBJC_IMPLICIT_RETAIN_SELF = YES;
				CLANG_WARN_OBJC_LITERAL_CONVERSION = YES;
				CLANG_WARN_OBJC_ROOT_CLASS = YES_ERROR;
				CLANG_WARN_QUOTED_INCLUDE_IN_FRAMEWORK_HEADER = YES;
				CLANG_WARN_RANGE_LOOP_ANALYSIS = YES;
				CLANG_WARN_STRICT_PROTOTYPES = YES;
				CLANG_WARN_SUSPICIOUS_MOVE = YES;
				CLANG_WARN_UNGUARDED_AVAILABILITY = YES_AGGRESSIVE;
				CLANG_WARN_UNREACHABLE_CODE = YES;
				CLANG_WARN__DUPLICATE_METHOD_MATCH = YES;
				COPY_PHASE_STRIP = NO;
				DEBUG_INFORMATION_FORMAT = dwarf;
				ENABLE_STRICT_OBJC_MSGSEND = YES;
				ENABLE_TESTABILITY = YES;
				GCC_C_LANGUAGE_STANDARD = gnu11;
				GCC_DYNAMIC_NO_PIC = NO;
				GCC_NO_COMMON_BLOCKS = YES;
				GCC_OPTIMIZATION_LEVEL = 0;
				GCC_PREPROCESSOR_DEFINITIONS = (
					"DEBUG=1",
					"$(inherited)",
				);
				GCC_WARN_64_TO_32_BIT_CONVERSION = YES;
				GCC_WARN_ABOUT_RETURN_TYPE = YES_ERROR;
				GCC_WARN_UNDECLARED_SELECTOR = YES;
				GCC_WARN_UNINITIALIZED_AUTOS = YES_AGGRESSIVE;
				GCC_WARN_UNUSED_FUNCTION = YES;
				GCC_WARN_UNUSED_VARIABLE = YES;
				MACOSX_DEPLOYMENT_TARGET = 12.1;
				MTL_ENABLE_DEBUG_INFO = INCLUDE_SOURCE;
				MTL_FAST_MATH = YES;
				ONLY_ACTIVE_ARCH = YES;
				SDKROOT = macosx;
				SWIFT_ACTIVE_COMPILATION_CONDITIONS = DEBUG;
				SWIFT_OPTIMIZATION_LEVEL = "-Onone";
			};
			name = Debug;
		};
		A7FE152027D0A12B00DF3D6F /* Release */ = {
			isa = XCBuildConfiguration;
			buildSettings = {
				ALWAYS_SEARCH_USER_PATHS = NO;
				CLANG_ANALYZER_NONNULL = YES;
				CLANG_ANALYZER_NUMBER_OBJECT_CONVERSION = YES_AGGRESSIVE;
				CLANG_CXX_LANGUAGE_STANDARD = "gnu++17";
				CLANG_CXX_LIBRARY = "libc++";
				CLANG_ENABLE_MODULES = YES;
				CLANG_ENABLE_OBJC_ARC = YES;
				CLANG_ENABLE_OBJC_WEAK = YES;
				CLANG_WARN_BLOCK_CAPTURE_AUTORELEASING = YES;
				CLANG_WARN_BOOL_CONVERSION = YES;
				CLANG_WARN_COMMA = YES;
				CLANG_WARN_CONSTANT_CONVERSION = YES;
				CLANG_WARN_DEPRECATED_OBJC_IMPLEMENTATIONS = YES;
				CLANG_WARN_DIRECT_OBJC_ISA_USAGE = YES_ERROR;
				CLANG_WARN_DOCUMENTATION_COMMENTS = YES;
				CLANG_WARN_EMPTY_BODY = YES;
				CLANG_WARN_ENUM_CONVERSION = YES;
				CLANG_WARN_INFINITE_RECURSION = YES;
				CLANG_WARN_INT_CONVERSION = YES;
				CLANG_WARN_NON_LITERAL_NULL_CONVERSION = YES;
				CLANG_WARN_OBJC_IMPLICIT_RETAIN_SELF = YES;
				CLANG_WARN_OBJC_LITERAL_CONVERSION = YES;
				CLANG_WARN_OBJC_ROOT_CLASS = YES_ERROR;
				CLANG_WARN_QUOTED_INCLUDE_IN_FRAMEWORK_HEADER = YES;
				CLANG_WARN_RANGE_LOOP_ANALYSIS = YES;
				CLANG_WARN_STRICT_PROTOTYPES = YES;
				CLANG_WARN_SUSPICIOUS_MOVE = YES;
				CLANG_WARN_UNGUARDED_AVAILABILITY = YES_AGGRESSIVE;
				CLANG_WARN_UNREACHABLE_CODE = YES;
				CLANG_WARN__DUPLICATE_METHOD_MATCH = YES;
				COPY_PHASE_STRIP = NO;
				DEBUG_INFORMATION_FORMAT = "dwarf-with-dsym";
				ENABLE_NS_ASSERTIONS = NO;
				ENABLE_STRICT_OBJC_MSGSEND = YES;
				GCC_C_LANGUAGE_STANDARD = gnu11;
				GCC_NO_COMMON_BLOCKS = YES;
				GCC_WARN_64_TO_32_BIT_CONVERSION = YES;
				GCC_WARN_ABOUT_RETURN_TYPE = YES_ERROR;
				GCC_WARN_UNDECLARED_SELECTOR = YES;
				GCC_WARN_UNINITIALIZED_AUTOS = YES_AGGRESSIVE;
				GCC_WARN_UNUSED_FUNCTION = YES;
				GCC_WARN_UNUSED_VARIABLE = YES;
				MACOSX_DEPLOYMENT_TARGET = 12.1;
				MTL_ENABLE_DEBUG_INFO = NO;
				MTL_FAST_MATH = YES;
				SDKROOT = macosx;
				SWIFT_COMPILATION_MODE = wholemodule;
				SWIFT_OPTIMIZATION_LEVEL = "-O";
			};
			name = Release;
		};
		A7FE152227D0A12B00DF3D6F /* Debug */ = {
			isa = XCBuildConfiguration;
			buildSettings = {
				ASSETCATALOG_COMPILER_APPICON_NAME = AppIcon;
				ASSETCATALOG_COMPILER_GLOBAL_ACCENT_COLOR_NAME = AccentColor;
				CODE_SIGN_ENTITLEMENTS = Demo/Demo.entitlements;
				CODE_SIGN_STYLE = Automatic;
				COMBINE_HIDPI_IMAGES = YES;
				CURRENT_PROJECT_VERSION = 1;
				DEVELOPMENT_ASSET_PATHS = "\"Demo/Preview Content\"";
				DEVELOPMENT_TEAM = AWJ83G3EPY;
				ENABLE_HARDENED_RUNTIME = YES;
				ENABLE_PREVIEWS = YES;
				GENERATE_INFOPLIST_FILE = YES;
				INFOPLIST_FILE = Demo/Info.plist;
				INFOPLIST_KEY_NSBluetoothAlwaysUsageDescription = "This app requires Bluetooth access";
				INFOPLIST_KEY_NSHumanReadableCopyright = "";
				LD_RUNPATH_SEARCH_PATHS = (
					"$(inherited)",
					"@executable_path/../Frameworks",
				);
				MARKETING_VERSION = 1.0;
				PRODUCT_BUNDLE_IDENTIFIER = "de.oliver-epper.Demo";
				PRODUCT_NAME = "$(TARGET_NAME)";
				SWIFT_EMIT_LOC_STRINGS = YES;
				SWIFT_VERSION = 5.0;
			};
			name = Debug;
		};
		A7FE152327D0A12B00DF3D6F /* Release */ = {
			isa = XCBuildConfiguration;
			buildSettings = {
				ASSETCATALOG_COMPILER_APPICON_NAME = AppIcon;
				ASSETCATALOG_COMPILER_GLOBAL_ACCENT_COLOR_NAME = AccentColor;
				CODE_SIGN_ENTITLEMENTS = Demo/Demo.entitlements;
				CODE_SIGN_STYLE = Automatic;
				COMBINE_HIDPI_IMAGES = YES;
				CURRENT_PROJECT_VERSION = 1;
				DEVELOPMENT_ASSET_PATHS = "\"Demo/Preview Content\"";
				DEVELOPMENT_TEAM = AWJ83G3EPY;
				ENABLE_HARDENED_RUNTIME = YES;
				ENABLE_PREVIEWS = YES;
				GENERATE_INFOPLIST_FILE = YES;
				INFOPLIST_FILE = Demo/Info.plist;
				INFOPLIST_KEY_NSBluetoothAlwaysUsageDescription = "This app requires Bluetooth access";
				INFOPLIST_KEY_NSHumanReadableCopyright = "";
				LD_RUNPATH_SEARCH_PATHS = (
					"$(inherited)",
					"@executable_path/../Frameworks",
				);
				MARKETING_VERSION = 1.0;
				PRODUCT_BUNDLE_IDENTIFIER = "de.oliver-epper.Demo";
				PRODUCT_NAME = "$(TARGET_NAME)";
				SWIFT_EMIT_LOC_STRINGS = YES;
				SWIFT_VERSION = 5.0;
			};
			name = Release;
		};
		A7FE153C27D0A65C00DF3D6F /* Debug */ = {
			isa = XCBuildConfiguration;
			buildSettings = {
				CODE_SIGN_STYLE = Automatic;
				COMBINE_HIDPI_IMAGES = YES;
				CURRENT_PROJECT_VERSION = 1;
				DEVELOPMENT_TEAM = AWJ83G3EPY;
				ENABLE_HARDENED_RUNTIME = YES;
				GENERATE_INFOPLIST_FILE = YES;
				INFOPLIST_FILE = DemoService/Info.plist;
				INFOPLIST_KEY_CFBundleDisplayName = DemoService;
				INFOPLIST_KEY_NSHumanReadableCopyright = "";
				MARKETING_VERSION = 1.0;
				PRODUCT_BUNDLE_IDENTIFIER = "de.oliver-epper.DemoService";
				PRODUCT_NAME = "$(TARGET_NAME)";
				SKIP_INSTALL = YES;
				SWIFT_EMIT_LOC_STRINGS = YES;
				SWIFT_VERSION = 5.0;
			};
			name = Debug;
		};
		A7FE153D27D0A65C00DF3D6F /* Release */ = {
			isa = XCBuildConfiguration;
			buildSettings = {
				CODE_SIGN_STYLE = Automatic;
				COMBINE_HIDPI_IMAGES = YES;
				CURRENT_PROJECT_VERSION = 1;
				DEVELOPMENT_TEAM = AWJ83G3EPY;
				ENABLE_HARDENED_RUNTIME = YES;
				GENERATE_INFOPLIST_FILE = YES;
				INFOPLIST_FILE = DemoService/Info.plist;
				INFOPLIST_KEY_CFBundleDisplayName = DemoService;
				INFOPLIST_KEY_NSHumanReadableCopyright = "";
				MARKETING_VERSION = 1.0;
				PRODUCT_BUNDLE_IDENTIFIER = "de.oliver-epper.DemoService";
				PRODUCT_NAME = "$(TARGET_NAME)";
				SKIP_INSTALL = YES;
				SWIFT_EMIT_LOC_STRINGS = YES;
				SWIFT_VERSION = 5.0;
			};
			name = Release;
		};
/* End XCBuildConfiguration section */

/* Begin XCConfigurationList section */
		A7FE150D27D0A12B00DF3D6F /* Build configuration list for PBXProject "Demo" */ = {
			isa = XCConfigurationList;
			buildConfigurations = (
				A7FE151F27D0A12B00DF3D6F /* Debug */,
				A7FE152027D0A12B00DF3D6F /* Release */,
			);
			defaultConfigurationIsVisible = 0;
			defaultConfigurationName = Release;
		};
		A7FE152127D0A12B00DF3D6F /* Build configuration list for PBXNativeTarget "Demo" */ = {
			isa = XCConfigurationList;
			buildConfigurations = (
				A7FE152227D0A12B00DF3D6F /* Debug */,
				A7FE152327D0A12B00DF3D6F /* Release */,
			);
			defaultConfigurationIsVisible = 0;
			defaultConfigurationName = Release;
		};
		A7FE153B27D0A65C00DF3D6F /* Build configuration list for PBXNativeTarget "DemoService" */ = {
			isa = XCConfigurationList;
			buildConfigurations = (
				A7FE153C27D0A65C00DF3D6F /* Debug */,
				A7FE153D27D0A65C00DF3D6F /* Release */,
			);
			defaultConfigurationIsVisible = 0;
			defaultConfigurationName = Release;
		};
/* End XCConfigurationList section */
	};
	rootObject = A7FE150A27D0A12B00DF3D6F /* Project object */;
}
